
Microsoft Visual Studio Solution File, Format Version 12.00
# Visual Studio Version 17
VisualStudioVersion = 17.0.31903.59
MinimumVisualStudioVersion = 10.0.40219.1
Project("{FAE04EC0-301F-11D3-BF4B-00C04F79EFBC}") = "TaskApi.Api", "TaskApi.Api\TaskApi.Api.csproj", "{7095D6B9-4155-43D4-8CB1-96DFF04EC07E}"
EndProject
Project("{FAE04EC0-301F-11D3-BF4B-00C04F79EFBC}") = "TaskApi.Infrastructure", "TaskApi.Infrastructure\TaskApi.Infrastructure.csproj", "{A1679DEA-5D45-40D5-A5C0-82C1189F573F}"
EndProject
Project("{FAE04EC0-301F-11D3-BF4B-00C04F79EFBC}") = "TaskApi.Core", "TaskApi.Core\TaskApi.Core.csproj", "{E1684CFE-7717-4E8F-B490-668C9AA841ED}"
EndProject
Project("{FAE04EC0-301F-11D3-BF4B-00C04F79EFBC}") = "TaskApi.Compose", "TaskApi.Compose\TaskApi.Compose.csproj", "{460B3948-42C6-4E77-81A5-2E3AA8F266FE}"
EndProject
Global
	GlobalSection(SolutionConfigurationPlatforms) = preSolution
		Debug|Any CPU = Debug|Any CPU
		Release|Any CPU = Release|Any CPU
	EndGlobalSection
	GlobalSection(SolutionProperties) = preSolution
		HideSolutionNode = FALSE
	EndGlobalSection
	GlobalSection(ProjectConfigurationPlatforms) = postSolution
		{7095D6B9-4155-43D4-8CB1-96DFF04EC07E}.Debug|Any CPU.ActiveCfg = Debug|Any CPU
		{7095D6B9-4155-43D4-8CB1-96DFF04EC07E}.Debug|Any CPU.Build.0 = Debug|Any CPU
		{7095D6B9-4155-43D4-8CB1-96DFF04EC07E}.Release|Any CPU.ActiveCfg = Release|Any CPU
		{7095D6B9-4155-43D4-8CB1-96DFF04EC07E}.Release|Any CPU.Build.0 = Release|Any CPU
		{A1679DEA-5D45-40D5-A5C0-82C1189F573F}.Debug|Any CPU.ActiveCfg = Debug|Any CPU
		{A1679DEA-5D45-40D5-A5C0-82C1189F573F}.Debug|Any CPU.Build.0 = Debug|Any CPU
		{A1679DEA-5D45-40D5-A5C0-82C1189F573F}.Release|Any CPU.ActiveCfg = Release|Any CPU
		{A1679DEA-5D45-40D5-A5C0-82C1189F573F}.Release|Any CPU.Build.0 = Release|Any CPU
		{E1684CFE-7717-4E8F-B490-668C9AA841ED}.Debug|Any CPU.ActiveCfg = Debug|Any CPU
		{E1684CFE-7717-4E8F-B490-668C9AA841ED}.Debug|Any CPU.Build.0 = Debug|Any CPU
		{E1684CFE-7717-4E8F-B490-668C9AA841ED}.Release|Any CPU.ActiveCfg = Release|Any CPU
		{E1684CFE-7717-4E8F-B490-668C9AA841ED}.Release|Any CPU.Build.0 = Release|Any CPU
		{460B3948-42C6-4E77-81A5-2E3AA8F266FE}.Debug|Any CPU.ActiveCfg = Debug|Any CPU
		{460B3948-42C6-4E77-81A5-2E3AA8F266FE}.Debug|Any CPU.Build.0 = Debug|Any CPU
		{460B3948-42C6-4E77-81A5-2E3AA8F266FE}.Release|Any CPU.ActiveCfg = Release|Any CPU
		{460B3948-42C6-4E77-81A5-2E3AA8F266FE}.Release|Any CPU.Build.0 = Release|Any CPU
	EndGlobalSection
EndGlobal
